// !$*UTF8*$!
{
	archiveVersion = 1;
	classes = {
	};
	objectVersion = 56;
	objects = {

/* Begin PBXBuildFile section */
		7209F6642911142E00DEB3C7 /* GameFinderApp.swift in Sources */ = {isa = PBXBuildFile; fileRef = 7209F6632911142E00DEB3C7 /* GameFinderApp.swift */; };
		7209F6662911142E00DEB3C7 /* ContentView.swift in Sources */ = {isa = PBXBuildFile; fileRef = 7209F6652911142E00DEB3C7 /* ContentView.swift */; };
		7209F6682911143000DEB3C7 /* Assets.xcassets in Resources */ = {isa = PBXBuildFile; fileRef = 7209F6672911143000DEB3C7 /* Assets.xcassets */; };
		7209F66B2911143000DEB3C7 /* Preview Assets.xcassets in Resources */ = {isa = PBXBuildFile; fileRef = 7209F66A2911143000DEB3C7 /* Preview Assets.xcassets */; };
		7209F67229111B9500DEB3C7 /* SplashScreenView.swift in Sources */ = {isa = PBXBuildFile; fileRef = 7209F67129111B9500DEB3C7 /* SplashScreenView.swift */; };
		7209F6772911662400DEB3C7 /* PlatformView.swift in Sources */ = {isa = PBXBuildFile; fileRef = 7209F6762911662400DEB3C7 /* PlatformView.swift */; };
		72AAAE8C292A796E00151A12 /* Network.swift in Sources */ = {isa = PBXBuildFile; fileRef = 72AAAE8B292A796E00151A12 /* Network.swift */; };
		72AAAE8E292A79C500151A12 /* Games.swift in Sources */ = {isa = PBXBuildFile; fileRef = 72AAAE8D292A79C500151A12 /* Games.swift */; };
		72AAAEB4292C20E900151A12 /* GameCardView.swift in Sources */ = {isa = PBXBuildFile; fileRef = 72AAAEB3292C20E900151A12 /* GameCardView.swift */; };
		72C08B3C2913B31C008983A0 /* AuthService.swift in Sources */ = {isa = PBXBuildFile; fileRef = 72C08B3B2913B31C008983A0 /* AuthService.swift */; };
		72C08B3E2913B46D008983A0 /* GoogleService-Info.plist in Resources */ = {isa = PBXBuildFile; fileRef = 72C08B3D2913B46D008983A0 /* GoogleService-Info.plist */; };
		72C08B412913B4F8008983A0 /* FirebaseAnalytics in Frameworks */ = {isa = PBXBuildFile; productRef = 72C08B402913B4F8008983A0 /* FirebaseAnalytics */; };
		72C08B432913B4F8008983A0 /* FirebaseAuth in Frameworks */ = {isa = PBXBuildFile; productRef = 72C08B422913B4F8008983A0 /* FirebaseAuth */; };
		72C08B452913B4F8008983A0 /* FirebaseCrashlytics in Frameworks */ = {isa = PBXBuildFile; productRef = 72C08B442913B4F8008983A0 /* FirebaseCrashlytics */; };
		72C08B472913B4F8008983A0 /* FirebaseDatabase in Frameworks */ = {isa = PBXBuildFile; productRef = 72C08B462913B4F8008983A0 /* FirebaseDatabase */; };
		72C08B492913B4F8008983A0 /* FirebaseDatabaseSwift in Frameworks */ = {isa = PBXBuildFile; productRef = 72C08B482913B4F8008983A0 /* FirebaseDatabaseSwift */; };
		72C08B4B2913B4F8008983A0 /* FirebaseStorage in Frameworks */ = {isa = PBXBuildFile; productRef = 72C08B4A2913B4F8008983A0 /* FirebaseStorage */; };
		72C08B4F2913C17E008983A0 /* Style.swift in Sources */ = {isa = PBXBuildFile; fileRef = 72C08B4E2913C17E008983A0 /* Style.swift */; };
		72C08B512913C55F008983A0 /* Colors.swift in Sources */ = {isa = PBXBuildFile; fileRef = 72C08B502913C55F008983A0 /* Colors.swift */; };
		72C08B532913E6AD008983A0 /* SignupView.swift in Sources */ = {isa = PBXBuildFile; fileRef = 72C08B522913E6AD008983A0 /* SignupView.swift */; };
		72C08B552913EDC8008983A0 /* GameFinderView.swift in Sources */ = {isa = PBXBuildFile; fileRef = 72C08B542913EDC8008983A0 /* GameFinderView.swift */; };
		72C08B572918F401008983A0 /* LoginView.swift in Sources */ = {isa = PBXBuildFile; fileRef = 72C08B562918F401008983A0 /* LoginView.swift */; };
		72C08B7B291A9102008983A0 /* ProfileView.swift in Sources */ = {isa = PBXBuildFile; fileRef = 72C08B7A291A9102008983A0 /* ProfileView.swift */; };
/* End PBXBuildFile section */

/* Begin PBXFileReference section */
		7209F6602911142E00DEB3C7 /* GameFinder.app */ = {isa = PBXFileReference; explicitFileType = wrapper.application; includeInIndex = 0; path = GameFinder.app; sourceTree = BUILT_PRODUCTS_DIR; };
		7209F6632911142E00DEB3C7 /* GameFinderApp.swift */ = {isa = PBXFileReference; lastKnownFileType = sourcecode.swift; path = GameFinderApp.swift; sourceTree = "<group>"; };
		7209F6652911142E00DEB3C7 /* ContentView.swift */ = {isa = PBXFileReference; lastKnownFileType = sourcecode.swift; path = ContentView.swift; sourceTree = "<group>"; };
		7209F6672911143000DEB3C7 /* Assets.xcassets */ = {isa = PBXFileReference; lastKnownFileType = folder.assetcatalog; path = Assets.xcassets; sourceTree = "<group>"; };
		7209F66A2911143000DEB3C7 /* Preview Assets.xcassets */ = {isa = PBXFileReference; lastKnownFileType = folder.assetcatalog; path = "Preview Assets.xcassets"; sourceTree = "<group>"; };
		7209F67129111B9500DEB3C7 /* SplashScreenView.swift */ = {isa = PBXFileReference; lastKnownFileType = sourcecode.swift; path = SplashScreenView.swift; sourceTree = "<group>"; };
		7209F6762911662400DEB3C7 /* PlatformView.swift */ = {isa = PBXFileReference; lastKnownFileType = sourcecode.swift; path = PlatformView.swift; sourceTree = "<group>"; };
		72AAAE8B292A796E00151A12 /* Network.swift */ = {isa = PBXFileReference; lastKnownFileType = sourcecode.swift; path = Network.swift; sourceTree = "<group>"; };
		72AAAE8D292A79C500151A12 /* Games.swift */ = {isa = PBXFileReference; lastKnownFileType = sourcecode.swift; path = Games.swift; sourceTree = "<group>"; };
		72AAAEB3292C20E900151A12 /* GameCardView.swift */ = {isa = PBXFileReference; lastKnownFileType = sourcecode.swift; path = GameCardView.swift; sourceTree = "<group>"; };
		72C08B3B2913B31C008983A0 /* AuthService.swift */ = {isa = PBXFileReference; lastKnownFileType = sourcecode.swift; path = AuthService.swift; sourceTree = "<group>"; };
		72C08B3D2913B46D008983A0 /* GoogleService-Info.plist */ = {isa = PBXFileReference; fileEncoding = 4; lastKnownFileType = text.plist.xml; path = "GoogleService-Info.plist"; sourceTree = "<group>"; };
		72C08B4E2913C17E008983A0 /* Style.swift */ = {isa = PBXFileReference; lastKnownFileType = sourcecode.swift; path = Style.swift; sourceTree = "<group>"; };
		72C08B502913C55F008983A0 /* Colors.swift */ = {isa = PBXFileReference; lastKnownFileType = sourcecode.swift; path = Colors.swift; sourceTree = "<group>"; };
		72C08B522913E6AD008983A0 /* SignupView.swift */ = {isa = PBXFileReference; lastKnownFileType = sourcecode.swift; path = SignupView.swift; sourceTree = "<group>"; };
		72C08B542913EDC8008983A0 /* GameFinderView.swift */ = {isa = PBXFileReference; lastKnownFileType = sourcecode.swift; path = GameFinderView.swift; sourceTree = "<group>"; };
		72C08B562918F401008983A0 /* LoginView.swift */ = {isa = PBXFileReference; lastKnownFileType = sourcecode.swift; path = LoginView.swift; sourceTree = "<group>"; };
		72C08B7A291A9102008983A0 /* ProfileView.swift */ = {isa = PBXFileReference; lastKnownFileType = sourcecode.swift; path = ProfileView.swift; sourceTree = "<group>"; };
/* End PBXFileReference section */

/* Begin PBXFrameworksBuildPhase section */
		7209F65D2911142E00DEB3C7 /* Frameworks */ = {
			isa = PBXFrameworksBuildPhase;
			buildActionMask = 2147483647;
			files = (
				72C08B492913B4F8008983A0 /* FirebaseDatabaseSwift in Frameworks */,
				72C08B452913B4F8008983A0 /* FirebaseCrashlytics in Frameworks */,
				72C08B412913B4F8008983A0 /* FirebaseAnalytics in Frameworks */,
				72C08B472913B4F8008983A0 /* FirebaseDatabase in Frameworks */,
				72C08B432913B4F8008983A0 /* FirebaseAuth in Frameworks */,
				72C08B4B2913B4F8008983A0 /* FirebaseStorage in Frameworks */,
			);
			runOnlyForDeploymentPostprocessing = 0;
		};
/* End PBXFrameworksBuildPhase section */

/* Begin PBXGroup section */
		7209F6572911142E00DEB3C7 = {
			isa = PBXGroup;
			children = (
				7209F6622911142E00DEB3C7 /* GameFinder */,
				7209F6612911142E00DEB3C7 /* Products */,
			);
			sourceTree = "<group>";
		};
		7209F6612911142E00DEB3C7 /* Products */ = {
			isa = PBXGroup;
			children = (
				7209F6602911142E00DEB3C7 /* GameFinder.app */,
			);
			name = Products;
			sourceTree = "<group>";
		};
		7209F6622911142E00DEB3C7 /* GameFinder */ = {
			isa = PBXGroup;
			children = (
				72C08B4D2913C162008983A0 /* Model */,
				72C08B4C2913C0F3008983A0 /* Controller */,
				7209F67329111EAB00DEB3C7 /* Views */,
				7209F6632911142E00DEB3C7 /* GameFinderApp.swift */,
				7209F6672911143000DEB3C7 /* Assets.xcassets */,
				72C08B3D2913B46D008983A0 /* GoogleService-Info.plist */,
				7209F6692911143000DEB3C7 /* Preview Content */,
			);
			path = GameFinder;
			sourceTree = "<group>";
		};
		7209F6692911143000DEB3C7 /* Preview Content */ = {
			isa = PBXGroup;
			children = (
				7209F66A2911143000DEB3C7 /* Preview Assets.xcassets */,
			);
			path = "Preview Content";
			sourceTree = "<group>";
		};
		7209F67329111EAB00DEB3C7 /* Views */ = {
			isa = PBXGroup;
			children = (
				7209F67129111B9500DEB3C7 /* SplashScreenView.swift */,
				7209F6652911142E00DEB3C7 /* ContentView.swift */,
				7209F6762911662400DEB3C7 /* PlatformView.swift */,
				72C08B542913EDC8008983A0 /* GameFinderView.swift */,
				72C08B522913E6AD008983A0 /* SignupView.swift */,
				72C08B562918F401008983A0 /* LoginView.swift */,
				72C08B7A291A9102008983A0 /* ProfileView.swift */,
				72AAAEB3292C20E900151A12 /* GameCardView.swift */,
			);
			path = Views;
			sourceTree = "<group>";
		};
		72C08B4C2913C0F3008983A0 /* Controller */ = {
			isa = PBXGroup;
			children = (
				72C08B3B2913B31C008983A0 /* AuthService.swift */,
				72AAAE8B292A796E00151A12 /* Network.swift */,
				72AAAE8D292A79C500151A12 /* Games.swift */,
			);
			path = Controller;
			sourceTree = "<group>";
		};
		72C08B4D2913C162008983A0 /* Model */ = {
			isa = PBXGroup;
			children = (
				72C08B4E2913C17E008983A0 /* Style.swift */,
				72C08B502913C55F008983A0 /* Colors.swift */,
			);
			path = Model;
			sourceTree = "<group>";
		};
/* End PBXGroup section */

/* Begin PBXNativeTarget section */
		7209F65F2911142E00DEB3C7 /* GameFinder */ = {
			isa = PBXNativeTarget;
			buildConfigurationList = 7209F66E2911143000DEB3C7 /* Build configuration list for PBXNativeTarget "GameFinder" */;
			buildPhases = (
				7209F65C2911142E00DEB3C7 /* Sources */,
				7209F65D2911142E00DEB3C7 /* Frameworks */,
				7209F65E2911142E00DEB3C7 /* Resources */,
			);
			buildRules = (
			);
			dependencies = (
			);
			name = GameFinder;
			packageProductDependencies = (
				72C08B402913B4F8008983A0 /* FirebaseAnalytics */,
				72C08B422913B4F8008983A0 /* FirebaseAuth */,
				72C08B442913B4F8008983A0 /* FirebaseCrashlytics */,
				72C08B462913B4F8008983A0 /* FirebaseDatabase */,
				72C08B482913B4F8008983A0 /* FirebaseDatabaseSwift */,
				72C08B4A2913B4F8008983A0 /* FirebaseStorage */,
			);
			productName = GameFinder;
			productReference = 7209F6602911142E00DEB3C7 /* GameFinder.app */;
			productType = "com.apple.product-type.application";
		};
/* End PBXNativeTarget section */

/* Begin PBXProject section */
		7209F6582911142E00DEB3C7 /* Project object */ = {
			isa = PBXProject;
			attributes = {
				BuildIndependentTargetsInParallel = 1;
				LastSwiftUpdateCheck = 1400;
				LastUpgradeCheck = 1400;
				TargetAttributes = {
					7209F65F2911142E00DEB3C7 = {
						CreatedOnToolsVersion = 14.0.1;
					};
				};
			};
			buildConfigurationList = 7209F65B2911142E00DEB3C7 /* Build configuration list for PBXProject "GameFinder" */;
			compatibilityVersion = "Xcode 14.0";
			developmentRegion = en;
			hasScannedForEncodings = 0;
			knownRegions = (
				en,
				Base,
			);
			mainGroup = 7209F6572911142E00DEB3C7;
			packageReferences = (
				72C08B3F2913B4F8008983A0 /* XCRemoteSwiftPackageReference "firebase-ios-sdk" */,
			);
			productRefGroup = 7209F6612911142E00DEB3C7 /* Products */;
			projectDirPath = "";
			projectRoot = "";
			targets = (
				7209F65F2911142E00DEB3C7 /* GameFinder */,
			);
		};
/* End PBXProject section */

/* Begin PBXResourcesBuildPhase section */
		7209F65E2911142E00DEB3C7 /* Resources */ = {
			isa = PBXResourcesBuildPhase;
			buildActionMask = 2147483647;
			files = (
				7209F66B2911143000DEB3C7 /* Preview Assets.xcassets in Resources */,
				7209F6682911143000DEB3C7 /* Assets.xcassets in Resources */,
				72C08B3E2913B46D008983A0 /* GoogleService-Info.plist in Resources */,
			);
			runOnlyForDeploymentPostprocessing = 0;
		};
/* End PBXResourcesBuildPhase section */

/* Begin PBXSourcesBuildPhase section */
		7209F65C2911142E00DEB3C7 /* Sources */ = {
			isa = PBXSourcesBuildPhase;
			buildActionMask = 2147483647;
			files = (
				72C08B532913E6AD008983A0 /* SignupView.swift in Sources */,
				72C08B512913C55F008983A0 /* Colors.swift in Sources */,
				72AAAE8E292A79C500151A12 /* Games.swift in Sources */,
				72AAAE8C292A796E00151A12 /* Network.swift in Sources */,
				72C08B552913EDC8008983A0 /* GameFinderView.swift in Sources */,
				7209F6662911142E00DEB3C7 /* ContentView.swift in Sources */,
				72C08B3C2913B31C008983A0 /* AuthService.swift in Sources */,
				7209F6642911142E00DEB3C7 /* GameFinderApp.swift in Sources */,
				72AAAEB4292C20E900151A12 /* GameCardView.swift in Sources */,
				7209F6772911662400DEB3C7 /* PlatformView.swift in Sources */,
				72C08B4F2913C17E008983A0 /* Style.swift in Sources */,
				72C08B572918F401008983A0 /* LoginView.swift in Sources */,
				72C08B7B291A9102008983A0 /* ProfileView.swift in Sources */,
				7209F67229111B9500DEB3C7 /* SplashScreenView.swift in Sources */,
			);
			runOnlyForDeploymentPostprocessing = 0;
		};
/* End PBXSourcesBuildPhase section */

/* Begin XCBuildConfiguration section */
		7209F66C2911143000DEB3C7 /* Debug */ = {
			isa = XCBuildConfiguration;
			buildSettings = {
				ALWAYS_SEARCH_USER_PATHS = NO;
				CLANG_ANALYZER_NONNULL = YES;
				CLANG_ANALYZER_NUMBER_OBJECT_CONVERSION = YES_AGGRESSIVE;
				CLANG_CXX_LANGUAGE_STANDARD = "gnu++20";
				CLANG_ENABLE_MODULES = YES;
				CLANG_ENABLE_OBJC_ARC = YES;
				CLANG_ENABLE_OBJC_WEAK = YES;
				CLANG_WARN_BLOCK_CAPTURE_AUTORELEASING = YES;
				CLANG_WARN_BOOL_CONVERSION = YES;
				CLANG_WARN_COMMA = YES;
				CLANG_WARN_CONSTANT_CONVERSION = YES;
				CLANG_WARN_DEPRECATED_OBJC_IMPLEMENTATIONS = YES;
				CLANG_WARN_DIRECT_OBJC_ISA_USAGE = YES_ERROR;
				CLANG_WARN_DOCUMENTATION_COMMENTS = YES;
				CLANG_WARN_EMPTY_BODY = YES;
				CLANG_WARN_ENUM_CONVERSION = YES;
				CLANG_WARN_INFINITE_RECURSION = YES;
				CLANG_WARN_INT_CONVERSION = YES;
				CLANG_WARN_NON_LITERAL_NULL_CONVERSION = YES;
				CLANG_WARN_OBJC_IMPLICIT_RETAIN_SELF = YES;
				CLANG_WARN_OBJC_LITERAL_CONVERSION = YES;
				CLANG_WARN_OBJC_ROOT_CLASS = YES_ERROR;
				CLANG_WARN_QUOTED_INCLUDE_IN_FRAMEWORK_HEADER = YES;
				CLANG_WARN_RANGE_LOOP_ANALYSIS = YES;
				CLANG_WARN_STRICT_PROTOTYPES = YES;
				CLANG_WARN_SUSPICIOUS_MOVE = YES;
				CLANG_WARN_UNGUARDED_AVAILABILITY = YES_AGGRESSIVE;
				CLANG_WARN_UNREACHABLE_CODE = YES;
				CLANG_WARN__DUPLICATE_METHOD_MATCH = YES;
				COPY_PHASE_STRIP = NO;
				DEBUG_INFORMATION_FORMAT = dwarf;
				ENABLE_STRICT_OBJC_MSGSEND = YES;
				ENABLE_TESTABILITY = YES;
				GCC_C_LANGUAGE_STANDARD = gnu11;
				GCC_DYNAMIC_NO_PIC = NO;
				GCC_NO_COMMON_BLOCKS = YES;
				GCC_OPTIMIZATION_LEVEL = 0;
				GCC_PREPROCESSOR_DEFINITIONS = (
					"DEBUG=1",
					"$(inherited)",
				);
				GCC_WARN_64_TO_32_BIT_CONVERSION = YES;
				GCC_WARN_ABOUT_RETURN_TYPE = YES_ERROR;
				GCC_WARN_UNDECLARED_SELECTOR = YES;
				GCC_WARN_UNINITIALIZED_AUTOS = YES_AGGRESSIVE;
				GCC_WARN_UNUSED_FUNCTION = YES;
				GCC_WARN_UNUSED_VARIABLE = YES;
				IPHONEOS_DEPLOYMENT_TARGET = 16.0;
				MTL_ENABLE_DEBUG_INFO = INCLUDE_SOURCE;
				MTL_FAST_MATH = YES;
				ONLY_ACTIVE_ARCH = YES;
				SDKROOT = iphoneos;
				SWIFT_ACTIVE_COMPILATION_CONDITIONS = DEBUG;
				SWIFT_OPTIMIZATION_LEVEL = "-Onone";
			};
			name = Debug;
		};
		7209F66D2911143000DEB3C7 /* Release */ = {
			isa = XCBuildConfiguration;
			buildSettings = {
				ALWAYS_SEARCH_USER_PATHS = NO;
				CLANG_ANALYZER_NONNULL = YES;
				CLANG_ANALYZER_NUMBER_OBJECT_CONVERSION = YES_AGGRESSIVE;
				CLANG_CXX_LANGUAGE_STANDARD = "gnu++20";
				CLANG_ENABLE_MODULES = YES;
				CLANG_ENABLE_OBJC_ARC = YES;
				CLANG_ENABLE_OBJC_WEAK = YES;
				CLANG_WARN_BLOCK_CAPTURE_AUTORELEASING = YES;
				CLANG_WARN_BOOL_CONVERSION = YES;
				CLANG_WARN_COMMA = YES;
				CLANG_WARN_CONSTANT_CONVERSION = YES;
				CLANG_WARN_DEPRECATED_OBJC_IMPLEMENTATIONS = YES;
				CLANG_WARN_DIRECT_OBJC_ISA_USAGE = YES_ERROR;
				CLANG_WARN_DOCUMENTATION_COMMENTS = YES;
				CLANG_WARN_EMPTY_BODY = YES;
				CLANG_WARN_ENUM_CONVERSION = YES;
				CLANG_WARN_INFINITE_RECURSION = YES;
				CLANG_WARN_INT_CONVERSION = YES;
				CLANG_WARN_NON_LITERAL_NULL_CONVERSION = YES;
				CLANG_WARN_OBJC_IMPLICIT_RETAIN_SELF = YES;
				CLANG_WARN_OBJC_LITERAL_CONVERSION = YES;
				CLANG_WARN_OBJC_ROOT_CLASS = YES_ERROR;
				CLANG_WARN_QUOTED_INCLUDE_IN_FRAMEWORK_HEADER = YES;
				CLANG_WARN_RANGE_LOOP_ANALYSIS = YES;
				CLANG_WARN_STRICT_PROTOTYPES = YES;
				CLANG_WARN_SUSPICIOUS_MOVE = YES;
				CLANG_WARN_UNGUARDED_AVAILABILITY = YES_AGGRESSIVE;
				CLANG_WARN_UNREACHABLE_CODE = YES;
				CLANG_WARN__DUPLICATE_METHOD_MATCH = YES;
				COPY_PHASE_STRIP = NO;
				DEBUG_INFORMATION_FORMAT = "dwarf-with-dsym";
				ENABLE_NS_ASSERTIONS = NO;
				ENABLE_STRICT_OBJC_MSGSEND = YES;
				GCC_C_LANGUAGE_STANDARD = gnu11;
				GCC_NO_COMMON_BLOCKS = YES;
				GCC_WARN_64_TO_32_BIT_CONVERSION = YES;
				GCC_WARN_ABOUT_RETURN_TYPE = YES_ERROR;
				GCC_WARN_UNDECLARED_SELECTOR = YES;
				GCC_WARN_UNINITIALIZED_AUTOS = YES_AGGRESSIVE;
				GCC_WARN_UNUSED_FUNCTION = YES;
				GCC_WARN_UNUSED_VARIABLE = YES;
				IPHONEOS_DEPLOYMENT_TARGET = 16.0;
				MTL_ENABLE_DEBUG_INFO = NO;
				MTL_FAST_MATH = YES;
				SDKROOT = iphoneos;
				SWIFT_COMPILATION_MODE = wholemodule;
				SWIFT_OPTIMIZATION_LEVEL = "-O";
				VALIDATE_PRODUCT = YES;
			};
			name = Release;
		};
		7209F66F2911143000DEB3C7 /* Debug */ = {
			isa = XCBuildConfiguration;
			buildSettings = {
				ASSETCATALOG_COMPILER_APPICON_NAME = AppIcon;
				ASSETCATALOG_COMPILER_GLOBAL_ACCENT_COLOR_NAME = AccentColor;
				CODE_SIGN_STYLE = Automatic;
				CURRENT_PROJECT_VERSION = 1;
				DEVELOPMENT_ASSET_PATHS = "\"GameFinder/Preview Content\"";
				DEVELOPMENT_TEAM = T9P4A3R82Q;
				ENABLE_PREVIEWS = YES;
				GENERATE_INFOPLIST_FILE = YES;
				INFOPLIST_KEY_UIApplicationSceneManifest_Generation = YES;
				INFOPLIST_KEY_UIApplicationSupportsIndirectInputEvents = YES;
				INFOPLIST_KEY_UILaunchScreen_Generation = YES;
				INFOPLIST_KEY_UISupportedInterfaceOrientations_iPad = "UIInterfaceOrientationPortrait UIInterfaceOrientationPortraitUpsideDown UIInterfaceOrientationLandscapeLeft UIInterfaceOrientationLandscapeRight";
				INFOPLIST_KEY_UISupportedInterfaceOrientations_iPhone = "UIInterfaceOrientationPortrait UIInterfaceOrientationLandscapeLeft UIInterfaceOrientationLandscapeRight";
				LD_RUNPATH_SEARCH_PATHS = (
					"$(inherited)",
					"@executable_path/Frameworks",
				);
				MARKETING_VERSION = 1.0;
				PRODUCT_BUNDLE_IDENTIFIER = com.matildacederberg.GameFinder;
				PRODUCT_NAME = "$(TARGET_NAME)";
				SWIFT_EMIT_LOC_STRINGS = YES;
				SWIFT_VERSION = 5.0;
				TARGETED_DEVICE_FAMILY = "1,2";
			};
			name = Debug;
		};
		7209F6702911143000DEB3C7 /* Release */ = {
			isa = XCBuildConfiguration;
			buildSettings = {
				ASSETCATALOG_COMPILER_APPICON_NAME = AppIcon;
				ASSETCATALOG_COMPILER_GLOBAL_ACCENT_COLOR_NAME = AccentColor;
				CODE_SIGN_STYLE = Automatic;
				CURRENT_PROJECT_VERSION = 1;
				DEVELOPMENT_ASSET_PATHS = "\"GameFinder/Preview Content\"";
				DEVELOPMENT_TEAM = T9P4A3R82Q;
				ENABLE_PREVIEWS = YES;
				GENERATE_INFOPLIST_FILE = YES;
				INFOPLIST_KEY_UIApplicationSceneManifest_Generation = YES;
				INFOPLIST_KEY_UIApplicationSupportsIndirectInputEvents = YES;
				INFOPLIST_KEY_UILaunchScreen_Generation = YES;
				INFOPLIST_KEY_UISupportedInterfaceOrientations_iPad = "UIInterfaceOrientationPortrait UIInterfaceOrientationPortraitUpsideDown UIInterfaceOrientationLandscapeLeft UIInterfaceOrientationLandscapeRight";
				INFOPLIST_KEY_UISupportedInterfaceOrientations_iPhone = "UIInterfaceOrientationPortrait UIInterfaceOrientationLandscapeLeft UIInterfaceOrientationLandscapeRight";
				LD_RUNPATH_SEARCH_PATHS = (
					"$(inherited)",
					"@executable_path/Frameworks",
				);
				MARKETING_VERSION = 1.0;
				PRODUCT_BUNDLE_IDENTIFIER = com.matildacederberg.GameFinder;
				PRODUCT_NAME = "$(TARGET_NAME)";
				SWIFT_EMIT_LOC_STRINGS = YES;
				SWIFT_VERSION = 5.0;
				TARGETED_DEVICE_FAMILY = "1,2";
			};
			name = Release;
		};
/* End XCBuildConfiguration section */

/* Begin XCConfigurationList section */
		7209F65B2911142E00DEB3C7 /* Build configuration list for PBXProject "GameFinder" */ = {
			isa = XCConfigurationList;
			buildConfigurations = (
				7209F66C2911143000DEB3C7 /* Debug */,
				7209F66D2911143000DEB3C7 /* Release */,
			);
			defaultConfigurationIsVisible = 0;
			defaultConfigurationName = Release;
		};
		7209F66E2911143000DEB3C7 /* Build configuration list for PBXNativeTarget "GameFinder" */ = {
			isa = XCConfigurationList;
			buildConfigurations = (
				7209F66F2911143000DEB3C7 /* Debug */,
				7209F6702911143000DEB3C7 /* Release */,
			);
			defaultConfigurationIsVisible = 0;
			defaultConfigurationName = Release;
		};
/* End XCConfigurationList section */

/* Begin XCRemoteSwiftPackageReference section */
		72C08B3F2913B4F8008983A0 /* XCRemoteSwiftPackageReference "firebase-ios-sdk" */ = {
			isa = XCRemoteSwiftPackageReference;
			repositoryURL = "https://github.com/firebase/firebase-ios-sdk";
			requirement = {
				branch = master;
				kind = branch;
			};
		};
/* End XCRemoteSwiftPackageReference section */

/* Begin XCSwiftPackageProductDependency section */
		72C08B402913B4F8008983A0 /* FirebaseAnalytics */ = {
			isa = XCSwiftPackageProductDependency;
			package = 72C08B3F2913B4F8008983A0 /* XCRemoteSwiftPackageReference "firebase-ios-sdk" */;
			productName = FirebaseAnalytics;
		};
		72C08B422913B4F8008983A0 /* FirebaseAuth */ = {
			isa = XCSwiftPackageProductDependency;
			package = 72C08B3F2913B4F8008983A0 /* XCRemoteSwiftPackageReference "firebase-ios-sdk" */;
			productName = FirebaseAuth;
		};
		72C08B442913B4F8008983A0 /* FirebaseCrashlytics */ = {
			isa = XCSwiftPackageProductDependency;
			package = 72C08B3F2913B4F8008983A0 /* XCRemoteSwiftPackageReference "firebase-ios-sdk" */;
			productName = FirebaseCrashlytics;
		};
		72C08B462913B4F8008983A0 /* FirebaseDatabase */ = {
			isa = XCSwiftPackageProductDependency;
			package = 72C08B3F2913B4F8008983A0 /* XCRemoteSwiftPackageReference "firebase-ios-sdk" */;
			productName = FirebaseDatabase;
		};
		72C08B482913B4F8008983A0 /* FirebaseDatabaseSwift */ = {
			isa = XCSwiftPackageProductDependency;
			package = 72C08B3F2913B4F8008983A0 /* XCRemoteSwiftPackageReference "firebase-ios-sdk" */;
			productName = FirebaseDatabaseSwift;
		};
		72C08B4A2913B4F8008983A0 /* FirebaseStorage */ = {
			isa = XCSwiftPackageProductDependency;
			package = 72C08B3F2913B4F8008983A0 /* XCRemoteSwiftPackageReference "firebase-ios-sdk" */;
			productName = FirebaseStorage;
		};
/* End XCSwiftPackageProductDependency section */
	};
	rootObject = 7209F6582911142E00DEB3C7 /* Project object */;
}
